
Microsoft Visual Studio Solution File, Format Version 12.00
# Visual Studio 2013
VisualStudioVersion = 12.0.21005.1
MinimumVisualStudioVersion = 10.0.40219.1
Project("{8BC9CEB8-8B4A-11D0-8D11-00A0C91BC942}") = "ConsoleApplication1", "ConsoleApplication1\ConsoleApplication1.vcxproj", "{C9E4EFB7-94B8-49C1-B7B8-2BD6D8986B49}"
EndProject
Project("{8BC9CEB8-8B4A-11D0-8D11-00A0C91BC942}") = "Win32Project1", "Win32Project1\Win32Project1.vcxproj", "{64F137D6-39C4-4CC7-B990-B57734BD0F54}"
EndProject
Project("{8BC9CEB8-8B4A-11D0-8D11-00A0C91BC942}") = "TestException", "TestException\TestException.vcxproj", "{FB1B0C8C-9B4D-4B2C-84E3-F60FE782C4A2}"
EndProject
Global
	GlobalSection(SolutionConfigurationPlatforms) = preSolution
		Debug|Win32 = Debug|Win32
		Release|Win32 = Release|Win32
	EndGlobalSection
	GlobalSection(ProjectConfigurationPlatforms) = postSolution
		{C9E4EFB7-94B8-49C1-B7B8-2BD6D8986B49}.Debug|Win32.ActiveCfg = Debug|Win32
		{C9E4EFB7-94B8-49C1-B7B8-2BD6D8986B49}.Debug|Win32.Build.0 = Debug|Win32
		{C9E4EFB7-94B8-49C1-B7B8-2BD6D8986B49}.Release|Win32.ActiveCfg = Release|Win32
		{C9E4EFB7-94B8-49C1-B7B8-2BD6D8986B49}.Release|Win32.Build.0 = Release|Win32
		{64F137D6-39C4-4CC7-B990-B57734BD0F54}.Debug|Win32.ActiveCfg = Debug|Win32
		{64F137D6-39C4-4CC7-B990-B57734BD0F54}.Debug|Win32.Build.0 = Debug|Win32
		{64F137D6-39C4-4CC7-B990-B57734BD0F54}.Release|Win32.ActiveCfg = Release|Win32
		{64F137D6-39C4-4CC7-B990-B57734BD0F54}.Release|Win32.Build.0 = Release|Win32
		{FB1B0C8C-9B4D-4B2C-84E3-F60FE782C4A2}.Debug|Win32.ActiveCfg = Debug|Win32
		{FB1B0C8C-9B4D-4B2C-84E3-F60FE782C4A2}.Debug|Win32.Build.0 = Debug|Win32
		{FB1B0C8C-9B4D-4B2C-84E3-F60FE782C4A2}.Release|Win32.ActiveCfg = Release|Win32
		{FB1B0C8C-9B4D-4B2C-84E3-F60FE782C4A2}.Release|Win32.Build.0 = Release|Win32
	EndGlobalSection
	GlobalSection(SolutionProperties) = preSolution
		HideSolutionNode = FALSE
	EndGlobalSection
EndGlobal
